
Microsoft Visual Studio Solution File, Format Version 12.00
# Visual Studio Version 17
VisualStudioVersion = 17.8.34511.84
MinimumVisualStudioVersion = 10.0.40219.1
Project("{2150E333-8FDC-42A3-9474-1A3956D46DE8}") = "Solution Items", "Solution Items", "{002D5B1C-D510-42E2-934C-E0B6A9892856}"
	ProjectSection(SolutionItems) = preProject
		.env = .env
		.gitignore = .gitignore
		LICENSE = LICENSE
		nginx.conf = nginx.conf
		README.md = README.md
	EndProjectSection
EndProject
Project("{9A19103F-16F7-4668-BE54-9A1E7A4F7556}") = "Bridge.Fias.Entities", "src\Bridge.Fias.Entities\Bridge.Fias.Entities.csproj", "{1BBC0484-2EA3-4AF8-85E6-0666DFC7A8C8}"
EndProject
Project("{9A19103F-16F7-4668-BE54-9A1E7A4F7556}") = "Bridge.Opera.Domain.Entities.Tables", "src\Bridge.Opera.Domain.Entities.Tables\Bridge.Opera.Domain.Entities.Tables.csproj", "{746AEF87-9638-48C9-897C-ECFCD20CD68B}"
EndProject
Project("{9A19103F-16F7-4668-BE54-9A1E7A4F7556}") = "Bridge.Opera.Domain.Entities.Views", "src\Bridge.Opera.Domain.Entities.Views\Bridge.Opera.Domain.Entities.Views.csproj", "{EAD600F5-E9EB-4DC8-91A6-16D8E164AE5D}"
EndProject
Project("{9A19103F-16F7-4668-BE54-9A1E7A4F7556}") = "Bridge.CheckDB", "src\Bridge.CheckDB\Bridge.CheckDB.csproj", "{187D9859-8C81-4CE1-8284-44D0FB6B18F2}"
EndProject
Project("{9A19103F-16F7-4668-BE54-9A1E7A4F7556}") = "Bridge.EventBus", "src\Bridge.EventBus\Bridge.EventBus.csproj", "{128EDD23-190B-4DF6-BF9F-87406874D2A6}"
EndProject
Project("{2150E333-8FDC-42A3-9474-1A3956D46DE8}") = "src", "src", "{63F0321D-66AD-42E6-99F6-A2FA317D468D}"
EndProject
Project("{9A19103F-16F7-4668-BE54-9A1E7A4F7556}") = "Bridge.Fias", "src\Bridge.Fias\Bridge.Fias.csproj", "{C3A90460-F88F-4021-9862-5CEFC67A49CB}"
EndProject
Project("{E53339B2-1760-4266-BCC7-CA923CBCF16C}") = "docker-compose", "docker-compose.dcproj", "{81EA9C18-421C-42DC-8692-19D28C33E381}"
EndProject
Project("{9A19103F-16F7-4668-BE54-9A1E7A4F7556}") = "Bridge.Opera", "src\Bridge.Opera\Bridge.Opera.csproj", "{AECCA062-809F-4DCA-82D1-B113FCC96968}"
EndProject
Project("{9A19103F-16F7-4668-BE54-9A1E7A4F7556}") = "Bridge.EventBus.Shared", "src\Bridge.EventBus.Shared\Bridge.EventBus.Shared.csproj", "{8FCB4AFC-F9B4-4FC4-84D7-8FC040EB7ECA}"
EndProject
Project("{9A19103F-16F7-4668-BE54-9A1E7A4F7556}") = "Bridge.Sanatorium", "src\Bridge.Sanatorium\Bridge.Sanatorium.csproj", "{F551B0E3-7C9B-49D4-B9A1-4A9EDB3F0B97}"
EndProject
Project("{9A19103F-16F7-4668-BE54-9A1E7A4F7556}") = "Bridge.Services.Control", "src\Bridge.Services.Control\Bridge.Services.Control.csproj", "{86FD7902-0657-452B-A5B1-5C26936FDB5B}"
EndProject
Project("{9A19103F-16F7-4668-BE54-9A1E7A4F7556}") = "Bridge.HostApi", "src\Bridge.HostApi\Bridge.HostApi.csproj", "{EB005245-A5AC-4A1A-9445-123325126BC6}"
EndProject
Project("{9A19103F-16F7-4668-BE54-9A1E7A4F7556}") = "Bridge.Cache", "src\Bridge.Cache\Bridge.Cache.csproj", "{E15139A4-2258-4B92-AF23-831C96ACAE71}"
EndProject
Project("{9A19103F-16F7-4668-BE54-9A1E7A4F7556}") = "Bridge.Fiscal", "src\Bridge.Fiscal\Bridge.Fiscal.csproj", "{E8340A9D-9929-40FD-A787-AA7DF1DF1B3E}"
EndProject
Project("{9A19103F-16F7-4668-BE54-9A1E7A4F7556}") = "Bridge.EventBus.Abstractions", "src\Bridge.EventBus.Abstractions\Bridge.EventBus.Abstractions.csproj", "{D9C08742-F7B7-4BEE-824E-33DBF1A32AA4}"
EndProject
Project("{9A19103F-16F7-4668-BE54-9A1E7A4F7556}") = "Bridge.EventBus.RabbitMq", "src\Bridge.EventBus.RabbitMq\Bridge.EventBus.RabbitMq.csproj", "{0F7C05D1-3F2D-4B2A-B877-EBEA59C09E23}"
EndProject
Project("{9A19103F-16F7-4668-BE54-9A1E7A4F7556}") = "Bridge.DefaultServices", "src\Bridge.DefaultServices\Bridge.DefaultServices.csproj", "{12EB9F11-9DD6-4B0D-BF5D-51EF09313F9D}"
EndProject
Project("{9A19103F-16F7-4668-BE54-9A1E7A4F7556}") = "Bridge.Cache.Redis", "src\Bridge.Cache.Redis\Bridge.Cache.Redis.csproj", "{9E592943-6ECD-4042-B1C0-C89B5FC5FEC0}"
EndProject
Project("{9A19103F-16F7-4668-BE54-9A1E7A4F7556}") = "Bridge.Extensions.Logging", "src\Bridge.Extensions.Logging\Bridge.Extensions.Logging.csproj", "{C2E40CA0-4E79-4C66-8151-E6F04A893D00}"
EndProject
Project("{9A19103F-16F7-4668-BE54-9A1E7A4F7556}") = "Bridge.Cache.Memory", "src\Bridge.Cache.Memory\Bridge.Cache.Memory.csproj", "{766ACEBB-F9AF-48A3-9FE7-F6AEEA33DC16}"
EndProject
Project("{9A19103F-16F7-4668-BE54-9A1E7A4F7556}") = "Bridge.TelegramBot", "src\Bridge.TelegramBot\Bridge.TelegramBot.csproj", "{A3EF63D7-D7FE-40E1-A64C-5D467C45346C}"
EndProject
Global
	GlobalSection(SolutionConfigurationPlatforms) = preSolution
		Debug|Any CPU = Debug|Any CPU
		Release|Any CPU = Release|Any CPU
	EndGlobalSection
	GlobalSection(ProjectConfigurationPlatforms) = postSolution
		{1BBC0484-2EA3-4AF8-85E6-0666DFC7A8C8}.Debug|Any CPU.ActiveCfg = Debug|Any CPU
		{1BBC0484-2EA3-4AF8-85E6-0666DFC7A8C8}.Debug|Any CPU.Build.0 = Debug|Any CPU
		{1BBC0484-2EA3-4AF8-85E6-0666DFC7A8C8}.Release|Any CPU.ActiveCfg = Release|Any CPU
		{1BBC0484-2EA3-4AF8-85E6-0666DFC7A8C8}.Release|Any CPU.Build.0 = Release|Any CPU
		{746AEF87-9638-48C9-897C-ECFCD20CD68B}.Debug|Any CPU.ActiveCfg = Debug|Any CPU
		{746AEF87-9638-48C9-897C-ECFCD20CD68B}.Debug|Any CPU.Build.0 = Debug|Any CPU
		{746AEF87-9638-48C9-897C-ECFCD20CD68B}.Release|Any CPU.ActiveCfg = Release|Any CPU
		{746AEF87-9638-48C9-897C-ECFCD20CD68B}.Release|Any CPU.Build.0 = Release|Any CPU
		{EAD600F5-E9EB-4DC8-91A6-16D8E164AE5D}.Debug|Any CPU.ActiveCfg = Debug|Any CPU
		{EAD600F5-E9EB-4DC8-91A6-16D8E164AE5D}.Debug|Any CPU.Build.0 = Debug|Any CPU
		{EAD600F5-E9EB-4DC8-91A6-16D8E164AE5D}.Release|Any CPU.ActiveCfg = Release|Any CPU
		{EAD600F5-E9EB-4DC8-91A6-16D8E164AE5D}.Release|Any CPU.Build.0 = Release|Any CPU
		{187D9859-8C81-4CE1-8284-44D0FB6B18F2}.Debug|Any CPU.ActiveCfg = Debug|Any CPU
		{187D9859-8C81-4CE1-8284-44D0FB6B18F2}.Debug|Any CPU.Build.0 = Debug|Any CPU
		{187D9859-8C81-4CE1-8284-44D0FB6B18F2}.Release|Any CPU.ActiveCfg = Release|Any CPU
		{187D9859-8C81-4CE1-8284-44D0FB6B18F2}.Release|Any CPU.Build.0 = Release|Any CPU
		{128EDD23-190B-4DF6-BF9F-87406874D2A6}.Debug|Any CPU.ActiveCfg = Debug|Any CPU
		{128EDD23-190B-4DF6-BF9F-87406874D2A6}.Debug|Any CPU.Build.0 = Debug|Any CPU
		{128EDD23-190B-4DF6-BF9F-87406874D2A6}.Release|Any CPU.ActiveCfg = Release|Any CPU
		{128EDD23-190B-4DF6-BF9F-87406874D2A6}.Release|Any CPU.Build.0 = Release|Any CPU
		{C3A90460-F88F-4021-9862-5CEFC67A49CB}.Debug|Any CPU.ActiveCfg = Debug|Any CPU
		{C3A90460-F88F-4021-9862-5CEFC67A49CB}.Debug|Any CPU.Build.0 = Debug|Any CPU
		{C3A90460-F88F-4021-9862-5CEFC67A49CB}.Release|Any CPU.ActiveCfg = Release|Any CPU
		{C3A90460-F88F-4021-9862-5CEFC67A49CB}.Release|Any CPU.Build.0 = Release|Any CPU
		{81EA9C18-421C-42DC-8692-19D28C33E381}.Debug|Any CPU.ActiveCfg = Debug|Any CPU
		{81EA9C18-421C-42DC-8692-19D28C33E381}.Debug|Any CPU.Build.0 = Debug|Any CPU
		{81EA9C18-421C-42DC-8692-19D28C33E381}.Release|Any CPU.ActiveCfg = Release|Any CPU
		{81EA9C18-421C-42DC-8692-19D28C33E381}.Release|Any CPU.Build.0 = Release|Any CPU
		{AECCA062-809F-4DCA-82D1-B113FCC96968}.Debug|Any CPU.ActiveCfg = Debug|Any CPU
		{AECCA062-809F-4DCA-82D1-B113FCC96968}.Debug|Any CPU.Build.0 = Debug|Any CPU
		{AECCA062-809F-4DCA-82D1-B113FCC96968}.Release|Any CPU.ActiveCfg = Release|Any CPU
		{AECCA062-809F-4DCA-82D1-B113FCC96968}.Release|Any CPU.Build.0 = Release|Any CPU
		{8FCB4AFC-F9B4-4FC4-84D7-8FC040EB7ECA}.Debug|Any CPU.ActiveCfg = Debug|Any CPU
		{8FCB4AFC-F9B4-4FC4-84D7-8FC040EB7ECA}.Debug|Any CPU.Build.0 = Debug|Any CPU
		{8FCB4AFC-F9B4-4FC4-84D7-8FC040EB7ECA}.Release|Any CPU.ActiveCfg = Release|Any CPU
		{8FCB4AFC-F9B4-4FC4-84D7-8FC040EB7ECA}.Release|Any CPU.Build.0 = Release|Any CPU
		{F551B0E3-7C9B-49D4-B9A1-4A9EDB3F0B97}.Debug|Any CPU.ActiveCfg = Debug|Any CPU
		{F551B0E3-7C9B-49D4-B9A1-4A9EDB3F0B97}.Debug|Any CPU.Build.0 = Debug|Any CPU
		{F551B0E3-7C9B-49D4-B9A1-4A9EDB3F0B97}.Release|Any CPU.ActiveCfg = Release|Any CPU
		{F551B0E3-7C9B-49D4-B9A1-4A9EDB3F0B97}.Release|Any CPU.Build.0 = Release|Any CPU
		{86FD7902-0657-452B-A5B1-5C26936FDB5B}.Debug|Any CPU.ActiveCfg = Debug|Any CPU
		{86FD7902-0657-452B-A5B1-5C26936FDB5B}.Debug|Any CPU.Build.0 = Debug|Any CPU
		{86FD7902-0657-452B-A5B1-5C26936FDB5B}.Release|Any CPU.ActiveCfg = Release|Any CPU
		{86FD7902-0657-452B-A5B1-5C26936FDB5B}.Release|Any CPU.Build.0 = Release|Any CPU
		{EB005245-A5AC-4A1A-9445-123325126BC6}.Debug|Any CPU.ActiveCfg = Debug|Any CPU
		{EB005245-A5AC-4A1A-9445-123325126BC6}.Debug|Any CPU.Build.0 = Debug|Any CPU
		{EB005245-A5AC-4A1A-9445-123325126BC6}.Release|Any CPU.ActiveCfg = Release|Any CPU
		{EB005245-A5AC-4A1A-9445-123325126BC6}.Release|Any CPU.Build.0 = Release|Any CPU
		{E15139A4-2258-4B92-AF23-831C96ACAE71}.Debug|Any CPU.ActiveCfg = Debug|Any CPU
		{E15139A4-2258-4B92-AF23-831C96ACAE71}.Debug|Any CPU.Build.0 = Debug|Any CPU
		{E15139A4-2258-4B92-AF23-831C96ACAE71}.Release|Any CPU.ActiveCfg = Release|Any CPU
		{E15139A4-2258-4B92-AF23-831C96ACAE71}.Release|Any CPU.Build.0 = Release|Any CPU
		{E8340A9D-9929-40FD-A787-AA7DF1DF1B3E}.Debug|Any CPU.ActiveCfg = Debug|Any CPU
		{E8340A9D-9929-40FD-A787-AA7DF1DF1B3E}.Debug|Any CPU.Build.0 = Debug|Any CPU
		{E8340A9D-9929-40FD-A787-AA7DF1DF1B3E}.Release|Any CPU.ActiveCfg = Release|Any CPU
		{E8340A9D-9929-40FD-A787-AA7DF1DF1B3E}.Release|Any CPU.Build.0 = Release|Any CPU
		{D9C08742-F7B7-4BEE-824E-33DBF1A32AA4}.Debug|Any CPU.ActiveCfg = Debug|Any CPU
		{D9C08742-F7B7-4BEE-824E-33DBF1A32AA4}.Debug|Any CPU.Build.0 = Debug|Any CPU
		{D9C08742-F7B7-4BEE-824E-33DBF1A32AA4}.Release|Any CPU.ActiveCfg = Release|Any CPU
		{D9C08742-F7B7-4BEE-824E-33DBF1A32AA4}.Release|Any CPU.Build.0 = Release|Any CPU
		{0F7C05D1-3F2D-4B2A-B877-EBEA59C09E23}.Debug|Any CPU.ActiveCfg = Debug|Any CPU
		{0F7C05D1-3F2D-4B2A-B877-EBEA59C09E23}.Debug|Any CPU.Build.0 = Debug|Any CPU
		{0F7C05D1-3F2D-4B2A-B877-EBEA59C09E23}.Release|Any CPU.ActiveCfg = Release|Any CPU
		{0F7C05D1-3F2D-4B2A-B877-EBEA59C09E23}.Release|Any CPU.Build.0 = Release|Any CPU
		{12EB9F11-9DD6-4B0D-BF5D-51EF09313F9D}.Debug|Any CPU.ActiveCfg = Debug|Any CPU
		{12EB9F11-9DD6-4B0D-BF5D-51EF09313F9D}.Debug|Any CPU.Build.0 = Debug|Any CPU
		{12EB9F11-9DD6-4B0D-BF5D-51EF09313F9D}.Release|Any CPU.ActiveCfg = Release|Any CPU
		{12EB9F11-9DD6-4B0D-BF5D-51EF09313F9D}.Release|Any CPU.Build.0 = Release|Any CPU
		{9E592943-6ECD-4042-B1C0-C89B5FC5FEC0}.Debug|Any CPU.ActiveCfg = Debug|Any CPU
		{9E592943-6ECD-4042-B1C0-C89B5FC5FEC0}.Debug|Any CPU.Build.0 = Debug|Any CPU
		{9E592943-6ECD-4042-B1C0-C89B5FC5FEC0}.Release|Any CPU.ActiveCfg = Release|Any CPU
		{9E592943-6ECD-4042-B1C0-C89B5FC5FEC0}.Release|Any CPU.Build.0 = Release|Any CPU
		{C2E40CA0-4E79-4C66-8151-E6F04A893D00}.Debug|Any CPU.ActiveCfg = Debug|Any CPU
		{C2E40CA0-4E79-4C66-8151-E6F04A893D00}.Debug|Any CPU.Build.0 = Debug|Any CPU
		{C2E40CA0-4E79-4C66-8151-E6F04A893D00}.Release|Any CPU.ActiveCfg = Release|Any CPU
		{C2E40CA0-4E79-4C66-8151-E6F04A893D00}.Release|Any CPU.Build.0 = Release|Any CPU
		{766ACEBB-F9AF-48A3-9FE7-F6AEEA33DC16}.Debug|Any CPU.ActiveCfg = Debug|Any CPU
		{766ACEBB-F9AF-48A3-9FE7-F6AEEA33DC16}.Debug|Any CPU.Build.0 = Debug|Any CPU
		{766ACEBB-F9AF-48A3-9FE7-F6AEEA33DC16}.Release|Any CPU.ActiveCfg = Release|Any CPU
		{766ACEBB-F9AF-48A3-9FE7-F6AEEA33DC16}.Release|Any CPU.Build.0 = Release|Any CPU
		{A3EF63D7-D7FE-40E1-A64C-5D467C45346C}.Debug|Any CPU.ActiveCfg = Debug|Any CPU
		{A3EF63D7-D7FE-40E1-A64C-5D467C45346C}.Debug|Any CPU.Build.0 = Debug|Any CPU
		{A3EF63D7-D7FE-40E1-A64C-5D467C45346C}.Release|Any CPU.ActiveCfg = Release|Any CPU
		{A3EF63D7-D7FE-40E1-A64C-5D467C45346C}.Release|Any CPU.Build.0 = Release|Any CPU
	EndGlobalSection
	GlobalSection(SolutionProperties) = preSolution
		HideSolutionNode = FALSE
	EndGlobalSection
	GlobalSection(NestedProjects) = preSolution
		{1BBC0484-2EA3-4AF8-85E6-0666DFC7A8C8} = {63F0321D-66AD-42E6-99F6-A2FA317D468D}
		{746AEF87-9638-48C9-897C-ECFCD20CD68B} = {63F0321D-66AD-42E6-99F6-A2FA317D468D}
		{EAD600F5-E9EB-4DC8-91A6-16D8E164AE5D} = {63F0321D-66AD-42E6-99F6-A2FA317D468D}
		{187D9859-8C81-4CE1-8284-44D0FB6B18F2} = {63F0321D-66AD-42E6-99F6-A2FA317D468D}
		{128EDD23-190B-4DF6-BF9F-87406874D2A6} = {63F0321D-66AD-42E6-99F6-A2FA317D468D}
		{C3A90460-F88F-4021-9862-5CEFC67A49CB} = {63F0321D-66AD-42E6-99F6-A2FA317D468D}
		{AECCA062-809F-4DCA-82D1-B113FCC96968} = {63F0321D-66AD-42E6-99F6-A2FA317D468D}
		{8FCB4AFC-F9B4-4FC4-84D7-8FC040EB7ECA} = {63F0321D-66AD-42E6-99F6-A2FA317D468D}
		{F551B0E3-7C9B-49D4-B9A1-4A9EDB3F0B97} = {63F0321D-66AD-42E6-99F6-A2FA317D468D}
		{86FD7902-0657-452B-A5B1-5C26936FDB5B} = {63F0321D-66AD-42E6-99F6-A2FA317D468D}
		{EB005245-A5AC-4A1A-9445-123325126BC6} = {63F0321D-66AD-42E6-99F6-A2FA317D468D}
		{E15139A4-2258-4B92-AF23-831C96ACAE71} = {63F0321D-66AD-42E6-99F6-A2FA317D468D}
		{E8340A9D-9929-40FD-A787-AA7DF1DF1B3E} = {63F0321D-66AD-42E6-99F6-A2FA317D468D}
		{D9C08742-F7B7-4BEE-824E-33DBF1A32AA4} = {63F0321D-66AD-42E6-99F6-A2FA317D468D}
		{0F7C05D1-3F2D-4B2A-B877-EBEA59C09E23} = {63F0321D-66AD-42E6-99F6-A2FA317D468D}
		{12EB9F11-9DD6-4B0D-BF5D-51EF09313F9D} = {63F0321D-66AD-42E6-99F6-A2FA317D468D}
		{9E592943-6ECD-4042-B1C0-C89B5FC5FEC0} = {63F0321D-66AD-42E6-99F6-A2FA317D468D}
		{C2E40CA0-4E79-4C66-8151-E6F04A893D00} = {63F0321D-66AD-42E6-99F6-A2FA317D468D}
		{766ACEBB-F9AF-48A3-9FE7-F6AEEA33DC16} = {63F0321D-66AD-42E6-99F6-A2FA317D468D}
		{A3EF63D7-D7FE-40E1-A64C-5D467C45346C} = {63F0321D-66AD-42E6-99F6-A2FA317D468D}
	EndGlobalSection
	GlobalSection(ExtensibilityGlobals) = postSolution
		SolutionGuid = {068F8188-C4D1-4990-9C43-BD00F62D36EE}
	EndGlobalSection
EndGlobal
