
Microsoft Visual Studio Solution File, Format Version 12.00
# Visual Studio Version 17
VisualStudioVersion = 17.8.34511.84
MinimumVisualStudioVersion = 10.0.40219.1
Project("{2150E333-8FDC-42A3-9474-1A3956D46DE8}") = "Solution Items", "Solution Items", "{002D5B1C-D510-42E2-934C-E0B6A9892856}"
	ProjectSection(SolutionItems) = preProject
		.gitignore = .gitignore
	EndProjectSection
EndProject
Project("{9A19103F-16F7-4668-BE54-9A1E7A4F7556}") = "Bridge.Fias.Entities", "Bridge.Fias.Entities\Bridge.Fias.Entities.csproj", "{1BBC0484-2EA3-4AF8-85E6-0666DFC7A8C8}"
EndProject
Project("{9A19103F-16F7-4668-BE54-9A1E7A4F7556}") = "Bridge.FiasInterface", "Bridge.FiasInterface\Bridge.FiasInterface.csproj", "{57075B92-3FD4-4297-AAC4-345101976B77}"
EndProject
Project("{FAE04EC0-301F-11D3-BF4B-00C04F79EFBC}") = "Bridge.Opera.Domain.Entities.Tables", "Bridge.Opera.Domain.Entities.Tables\Bridge.Opera.Domain.Entities.Tables.csproj", "{746AEF87-9638-48C9-897C-ECFCD20CD68B}"
EndProject
Global
	GlobalSection(SolutionConfigurationPlatforms) = preSolution
		Debug|Any CPU = Debug|Any CPU
		Release|Any CPU = Release|Any CPU
	EndGlobalSection
	GlobalSection(ProjectConfigurationPlatforms) = postSolution
		{1BBC0484-2EA3-4AF8-85E6-0666DFC7A8C8}.Debug|Any CPU.ActiveCfg = Debug|Any CPU
		{1BBC0484-2EA3-4AF8-85E6-0666DFC7A8C8}.Debug|Any CPU.Build.0 = Debug|Any CPU
		{1BBC0484-2EA3-4AF8-85E6-0666DFC7A8C8}.Release|Any CPU.ActiveCfg = Release|Any CPU
		{1BBC0484-2EA3-4AF8-85E6-0666DFC7A8C8}.Release|Any CPU.Build.0 = Release|Any CPU
		{57075B92-3FD4-4297-AAC4-345101976B77}.Debug|Any CPU.ActiveCfg = Debug|Any CPU
		{57075B92-3FD4-4297-AAC4-345101976B77}.Debug|Any CPU.Build.0 = Debug|Any CPU
		{57075B92-3FD4-4297-AAC4-345101976B77}.Release|Any CPU.ActiveCfg = Release|Any CPU
		{57075B92-3FD4-4297-AAC4-345101976B77}.Release|Any CPU.Build.0 = Release|Any CPU
		{746AEF87-9638-48C9-897C-ECFCD20CD68B}.Debug|Any CPU.ActiveCfg = Debug|Any CPU
		{746AEF87-9638-48C9-897C-ECFCD20CD68B}.Debug|Any CPU.Build.0 = Debug|Any CPU
		{746AEF87-9638-48C9-897C-ECFCD20CD68B}.Release|Any CPU.ActiveCfg = Release|Any CPU
		{746AEF87-9638-48C9-897C-ECFCD20CD68B}.Release|Any CPU.Build.0 = Release|Any CPU
	EndGlobalSection
	GlobalSection(SolutionProperties) = preSolution
		HideSolutionNode = FALSE
	EndGlobalSection
	GlobalSection(ExtensibilityGlobals) = postSolution
		SolutionGuid = {068F8188-C4D1-4990-9C43-BD00F62D36EE}
	EndGlobalSection
EndGlobal
